
Microsoft Visual Studio Solution File, Format Version 12.00
# Visual Studio Version 17
VisualStudioVersion = 17.14.36414.22 d17.14
MinimumVisualStudioVersion = 10.0.40219.1
Project("{FAE04EC0-301F-11D3-BF4B-00C04F79EFBC}") = "pryMendezAPPAgendaContacto", "pryMendezAPPAgendaContacto\pryMendezAPPAgendaContacto.csproj", "{16FE3853-3175-4A54-9869-5B177C1638CA}"
EndProject
Global
	GlobalSection(SolutionConfigurationPlatforms) = preSolution
		Debug|Any CPU = Debug|Any CPU
		Release|Any CPU = Release|Any CPU
	EndGlobalSection
	GlobalSection(ProjectConfigurationPlatforms) = postSolution
		{16FE3853-3175-4A54-9869-5B177C1638CA}.Debug|Any CPU.ActiveCfg = Debug|Any CPU
		{16FE3853-3175-4A54-9869-5B177C1638CA}.Debug|Any CPU.Build.0 = Debug|Any CPU
		{16FE3853-3175-4A54-9869-5B177C1638CA}.Release|Any CPU.ActiveCfg = Release|Any CPU
		{16FE3853-3175-4A54-9869-5B177C1638CA}.Release|Any CPU.Build.0 = Release|Any CPU
	EndGlobalSection
	GlobalSection(SolutionProperties) = preSolution
		HideSolutionNode = FALSE
	EndGlobalSection
	GlobalSection(ExtensibilityGlobals) = postSolution
		SolutionGuid = {30CF5D58-D77D-44D7-8959-187987396106}
	EndGlobalSection
EndGlobal
